
Microsoft Visual Studio Solution File, Format Version 12.00
Project("{2150E333-8FDC-42A3-9474-1A3956D46DE8}") = "src", "src", "{1600FE3A-8EE7-49AB-A168-87DBF0973185}"
EndProject
Project("{2150E333-8FDC-42A3-9474-1A3956D46DE8}") = "Modules", "Modules", "{9CBB17CB-4E4A-487C-97EC-1CC049EBC095}"
EndProject
Project("{2150E333-8FDC-42A3-9474-1A3956D46DE8}") = "DoctorAvailability", "DoctorAvailability", "{BE0A65B9-0693-4F87-B0BB-DB2026886FEF}"
EndProject
Project("{2150E333-8FDC-42A3-9474-1A3956D46DE8}") = "AppointmentBooking", "AppointmentBooking", "{8C671ECA-7904-47BB-89DE-9112B5E0DF6A}"
EndProject
Project("{2150E333-8FDC-42A3-9474-1A3956D46DE8}") = "AppointmentConfirmation", "AppointmentConfirmation", "{AA0A0462-9BBA-4901-93EE-AECFCF24D0A2}"
EndProject
Project("{2150E333-8FDC-42A3-9474-1A3956D46DE8}") = "DoctorAppointmentManagement", "DoctorAppointmentManagement", "{D475615E-6B8E-43D0-B7C3-58251742B56C}"
EndProject
Project("{2150E333-8FDC-42A3-9474-1A3956D46DE8}") = "Shared", "Shared", "{68F8F90D-8C2E-48B4-A69D-61EBCD18A32D}"
EndProject
Project("{FAE04EC0-301F-11D3-BF4B-00C04F79EFBC}") = "App", "App\App.csproj", "{BECDDA00-E203-4B8E-A30E-A0817D7295C3}"
EndProject
Project("{FAE04EC0-301F-11D3-BF4B-00C04F79EFBC}") = "DoctorAvailability.Endpoints", "DoctorAvailability.Endpoints\DoctorAvailability.Endpoints.csproj", "{82BB7CAA-4F6C-482F-9499-31515FF56649}"
EndProject
Project("{FAE04EC0-301F-11D3-BF4B-00C04F79EFBC}") = "DoctorAvailability.Data", "DoctorAvailability.Data\DoctorAvailability.Data.csproj", "{C7FBEDA8-E62B-4F12-A18A-BC1B68DA232B}"
EndProject
Project("{FAE04EC0-301F-11D3-BF4B-00C04F79EFBC}") = "DoctorAvailability.Application", "DoctorAvailability.Application\DoctorAvailability.Application.csproj", "{B2FC9B0B-254B-420E-9F74-61331DF4D3AF}"
EndProject
Project("{FAE04EC0-301F-11D3-BF4B-00C04F79EFBC}") = "AppointmentBooking.Endpoints", "AppointmentBooking.Endpoints\AppointmentBooking.Endpoints.csproj", "{6E7744C2-3CBC-42D9-8DD8-6E9C34BFF0AE}"
EndProject
Project("{FAE04EC0-301F-11D3-BF4B-00C04F79EFBC}") = "AppointmentBooking.Domain", "AppointmentBooking.Domain\AppointmentBooking.Domain.csproj", "{2F9DF88C-AD37-4106-A546-C8EE7D4DCA36}"
EndProject
Project("{FAE04EC0-301F-11D3-BF4B-00C04F79EFBC}") = "AppointmentBooking.Application", "AppointmentBooking.Application\AppointmentBooking.Application.csproj", "{781D144B-0F8B-4BDE-A9A8-AD11064E5390}"
EndProject
Project("{FAE04EC0-301F-11D3-BF4B-00C04F79EFBC}") = "AppointmentBooking.Infrastracture", "AppointmentBooking.Infrastracture\AppointmentBooking.Infrastracture.csproj", "{B609852B-8278-477E-A6D6-A18C4E410C1B}"
EndProject
Global
	GlobalSection(SolutionConfigurationPlatforms) = preSolution
		Debug|Any CPU = Debug|Any CPU
		Release|Any CPU = Release|Any CPU
	EndGlobalSection
	GlobalSection(ProjectConfigurationPlatforms) = postSolution
		{BECDDA00-E203-4B8E-A30E-A0817D7295C3}.Debug|Any CPU.ActiveCfg = Debug|Any CPU
		{BECDDA00-E203-4B8E-A30E-A0817D7295C3}.Debug|Any CPU.Build.0 = Debug|Any CPU
		{BECDDA00-E203-4B8E-A30E-A0817D7295C3}.Release|Any CPU.ActiveCfg = Release|Any CPU
		{BECDDA00-E203-4B8E-A30E-A0817D7295C3}.Release|Any CPU.Build.0 = Release|Any CPU
		{82BB7CAA-4F6C-482F-9499-31515FF56649}.Debug|Any CPU.ActiveCfg = Debug|Any CPU
		{82BB7CAA-4F6C-482F-9499-31515FF56649}.Debug|Any CPU.Build.0 = Debug|Any CPU
		{82BB7CAA-4F6C-482F-9499-31515FF56649}.Release|Any CPU.ActiveCfg = Release|Any CPU
		{82BB7CAA-4F6C-482F-9499-31515FF56649}.Release|Any CPU.Build.0 = Release|Any CPU
		{C7FBEDA8-E62B-4F12-A18A-BC1B68DA232B}.Debug|Any CPU.ActiveCfg = Debug|Any CPU
		{C7FBEDA8-E62B-4F12-A18A-BC1B68DA232B}.Debug|Any CPU.Build.0 = Debug|Any CPU
		{C7FBEDA8-E62B-4F12-A18A-BC1B68DA232B}.Release|Any CPU.ActiveCfg = Release|Any CPU
		{C7FBEDA8-E62B-4F12-A18A-BC1B68DA232B}.Release|Any CPU.Build.0 = Release|Any CPU
		{B2FC9B0B-254B-420E-9F74-61331DF4D3AF}.Debug|Any CPU.ActiveCfg = Debug|Any CPU
		{B2FC9B0B-254B-420E-9F74-61331DF4D3AF}.Debug|Any CPU.Build.0 = Debug|Any CPU
		{B2FC9B0B-254B-420E-9F74-61331DF4D3AF}.Release|Any CPU.ActiveCfg = Release|Any CPU
		{B2FC9B0B-254B-420E-9F74-61331DF4D3AF}.Release|Any CPU.Build.0 = Release|Any CPU
		{6E7744C2-3CBC-42D9-8DD8-6E9C34BFF0AE}.Debug|Any CPU.ActiveCfg = Debug|Any CPU
		{6E7744C2-3CBC-42D9-8DD8-6E9C34BFF0AE}.Debug|Any CPU.Build.0 = Debug|Any CPU
		{6E7744C2-3CBC-42D9-8DD8-6E9C34BFF0AE}.Release|Any CPU.ActiveCfg = Release|Any CPU
		{6E7744C2-3CBC-42D9-8DD8-6E9C34BFF0AE}.Release|Any CPU.Build.0 = Release|Any CPU
		{2F9DF88C-AD37-4106-A546-C8EE7D4DCA36}.Debug|Any CPU.ActiveCfg = Debug|Any CPU
		{2F9DF88C-AD37-4106-A546-C8EE7D4DCA36}.Debug|Any CPU.Build.0 = Debug|Any CPU
		{2F9DF88C-AD37-4106-A546-C8EE7D4DCA36}.Release|Any CPU.ActiveCfg = Release|Any CPU
		{2F9DF88C-AD37-4106-A546-C8EE7D4DCA36}.Release|Any CPU.Build.0 = Release|Any CPU
		{781D144B-0F8B-4BDE-A9A8-AD11064E5390}.Debug|Any CPU.ActiveCfg = Debug|Any CPU
		{781D144B-0F8B-4BDE-A9A8-AD11064E5390}.Debug|Any CPU.Build.0 = Debug|Any CPU
		{781D144B-0F8B-4BDE-A9A8-AD11064E5390}.Release|Any CPU.ActiveCfg = Release|Any CPU
		{781D144B-0F8B-4BDE-A9A8-AD11064E5390}.Release|Any CPU.Build.0 = Release|Any CPU
		{B609852B-8278-477E-A6D6-A18C4E410C1B}.Debug|Any CPU.ActiveCfg = Debug|Any CPU
		{B609852B-8278-477E-A6D6-A18C4E410C1B}.Debug|Any CPU.Build.0 = Debug|Any CPU
		{B609852B-8278-477E-A6D6-A18C4E410C1B}.Release|Any CPU.ActiveCfg = Release|Any CPU
		{B609852B-8278-477E-A6D6-A18C4E410C1B}.Release|Any CPU.Build.0 = Release|Any CPU
	EndGlobalSection
	GlobalSection(NestedProjects) = preSolution
		{9CBB17CB-4E4A-487C-97EC-1CC049EBC095} = {1600FE3A-8EE7-49AB-A168-87DBF0973185}
		{BE0A65B9-0693-4F87-B0BB-DB2026886FEF} = {9CBB17CB-4E4A-487C-97EC-1CC049EBC095}
		{8C671ECA-7904-47BB-89DE-9112B5E0DF6A} = {9CBB17CB-4E4A-487C-97EC-1CC049EBC095}
		{AA0A0462-9BBA-4901-93EE-AECFCF24D0A2} = {9CBB17CB-4E4A-487C-97EC-1CC049EBC095}
		{D475615E-6B8E-43D0-B7C3-58251742B56C} = {9CBB17CB-4E4A-487C-97EC-1CC049EBC095}
		{68F8F90D-8C2E-48B4-A69D-61EBCD18A32D} = {1600FE3A-8EE7-49AB-A168-87DBF0973185}
		{BECDDA00-E203-4B8E-A30E-A0817D7295C3} = {1600FE3A-8EE7-49AB-A168-87DBF0973185}
		{82BB7CAA-4F6C-482F-9499-31515FF56649} = {BE0A65B9-0693-4F87-B0BB-DB2026886FEF}
		{C7FBEDA8-E62B-4F12-A18A-BC1B68DA232B} = {BE0A65B9-0693-4F87-B0BB-DB2026886FEF}
		{B2FC9B0B-254B-420E-9F74-61331DF4D3AF} = {BE0A65B9-0693-4F87-B0BB-DB2026886FEF}
		{6E7744C2-3CBC-42D9-8DD8-6E9C34BFF0AE} = {8C671ECA-7904-47BB-89DE-9112B5E0DF6A}
		{2F9DF88C-AD37-4106-A546-C8EE7D4DCA36} = {8C671ECA-7904-47BB-89DE-9112B5E0DF6A}
		{781D144B-0F8B-4BDE-A9A8-AD11064E5390} = {8C671ECA-7904-47BB-89DE-9112B5E0DF6A}
		{B609852B-8278-477E-A6D6-A18C4E410C1B} = {8C671ECA-7904-47BB-89DE-9112B5E0DF6A}
	EndGlobalSection
EndGlobal
